// !$*UTF8*$!
{
	archiveVersion = 1;
	classes = {
	};
	objectVersion = 50;
	objects = {

/* Begin PBXBuildFile section */
		B5CFD0B72347E8E5006C1513 /* data-friends.json in Resources */ = {isa = PBXBuildFile; fileRef = B5CFD0B62347E8E5006C1513 /* data-friends.json */; };
		B5CFD0BB2347F03F006C1513 /* FriendAdd.swift in Sources */ = {isa = PBXBuildFile; fileRef = B5CFD0BA2347F03F006C1513 /* FriendAdd.swift */; };
		B5D03E342343BB3E00076727 /* AppDelegate.swift in Sources */ = {isa = PBXBuildFile; fileRef = B5D03E332343BB3E00076727 /* AppDelegate.swift */; };
		B5D03E392343BB3E00076727 /* Main.storyboard in Resources */ = {isa = PBXBuildFile; fileRef = B5D03E372343BB3E00076727 /* Main.storyboard */; };
		B5D03E3B2343BB4000076727 /* Assets.xcassets in Resources */ = {isa = PBXBuildFile; fileRef = B5D03E3A2343BB4000076727 /* Assets.xcassets */; };
		B5D03E3E2343BB4000076727 /* LaunchScreen.storyboard in Resources */ = {isa = PBXBuildFile; fileRef = B5D03E3C2343BB4000076727 /* LaunchScreen.storyboard */; };
		B5D03E492343BB4000076727 /* MyFriendsTests.swift in Sources */ = {isa = PBXBuildFile; fileRef = B5D03E482343BB4000076727 /* MyFriendsTests.swift */; };
		B5D03E542343BB4000076727 /* MyFriendsUITests.swift in Sources */ = {isa = PBXBuildFile; fileRef = B5D03E532343BB4000076727 /* MyFriendsUITests.swift */; };
		B5D03E642343BBFF00076727 /* FriendScene.swift in Sources */ = {isa = PBXBuildFile; fileRef = B5D03E632343BBFF00076727 /* FriendScene.swift */; };
		B5D03E662343BC5A00076727 /* FriendList.swift in Sources */ = {isa = PBXBuildFile; fileRef = B5D03E652343BC5A00076727 /* FriendList.swift */; };
		B5D03E6B2343C16800076727 /* DataModelClasses.swift in Sources */ = {isa = PBXBuildFile; fileRef = B5D03E6A2343C16800076727 /* DataModelClasses.swift */; };
		B5D03E6D2343C1F200076727 /* DataModelManager.swift in Sources */ = {isa = PBXBuildFile; fileRef = B5D03E6C2343C1F200076727 /* DataModelManager.swift */; };
/* End PBXBuildFile section */

/* Begin PBXContainerItemProxy section */
		B5D03E452343BB4000076727 /* PBXContainerItemProxy */ = {
			isa = PBXContainerItemProxy;
			containerPortal = B5D03E282343BB3E00076727 /* Project object */;
			proxyType = 1;
			remoteGlobalIDString = B5D03E2F2343BB3E00076727;
			remoteInfo = MyFriends;
		};
		B5D03E502343BB4000076727 /* PBXContainerItemProxy */ = {
			isa = PBXContainerItemProxy;
			containerPortal = B5D03E282343BB3E00076727 /* Project object */;
			proxyType = 1;
			remoteGlobalIDString = B5D03E2F2343BB3E00076727;
			remoteInfo = MyFriends;
		};
/* End PBXContainerItemProxy section */

/* Begin PBXFileReference section */
		B5CFD0B62347E8E5006C1513 /* data-friends.json */ = {isa = PBXFileReference; fileEncoding = 4; lastKnownFileType = text.json; path = "data-friends.json"; sourceTree = "<group>"; };
		B5CFD0BA2347F03F006C1513 /* FriendAdd.swift */ = {isa = PBXFileReference; lastKnownFileType = sourcecode.swift; path = FriendAdd.swift; sourceTree = "<group>"; };
		B5D03E302343BB3E00076727 /* MyFriends.app */ = {isa = PBXFileReference; explicitFileType = wrapper.application; includeInIndex = 0; path = MyFriends.app; sourceTree = BUILT_PRODUCTS_DIR; };
		B5D03E332343BB3E00076727 /* AppDelegate.swift */ = {isa = PBXFileReference; lastKnownFileType = sourcecode.swift; path = AppDelegate.swift; sourceTree = "<group>"; };
		B5D03E382343BB3E00076727 /* Base */ = {isa = PBXFileReference; lastKnownFileType = file.storyboard; name = Base; path = Base.lproj/Main.storyboard; sourceTree = "<group>"; };
		B5D03E3A2343BB4000076727 /* Assets.xcassets */ = {isa = PBXFileReference; lastKnownFileType = folder.assetcatalog; path = Assets.xcassets; sourceTree = "<group>"; };
		B5D03E3D2343BB4000076727 /* Base */ = {isa = PBXFileReference; lastKnownFileType = file.storyboard; name = Base; path = Base.lproj/LaunchScreen.storyboard; sourceTree = "<group>"; };
		B5D03E3F2343BB4000076727 /* Info.plist */ = {isa = PBXFileReference; lastKnownFileType = text.plist.xml; path = Info.plist; sourceTree = "<group>"; };
		B5D03E442343BB4000076727 /* MyFriendsTests.xctest */ = {isa = PBXFileReference; explicitFileType = wrapper.cfbundle; includeInIndex = 0; path = MyFriendsTests.xctest; sourceTree = BUILT_PRODUCTS_DIR; };
		B5D03E482343BB4000076727 /* MyFriendsTests.swift */ = {isa = PBXFileReference; lastKnownFileType = sourcecode.swift; path = MyFriendsTests.swift; sourceTree = "<group>"; };
		B5D03E4A2343BB4000076727 /* Info.plist */ = {isa = PBXFileReference; lastKnownFileType = text.plist.xml; path = Info.plist; sourceTree = "<group>"; };
		B5D03E4F2343BB4000076727 /* MyFriendsUITests.xctest */ = {isa = PBXFileReference; explicitFileType = wrapper.cfbundle; includeInIndex = 0; path = MyFriendsUITests.xctest; sourceTree = BUILT_PRODUCTS_DIR; };
		B5D03E532343BB4000076727 /* MyFriendsUITests.swift */ = {isa = PBXFileReference; lastKnownFileType = sourcecode.swift; path = MyFriendsUITests.swift; sourceTree = "<group>"; };
		B5D03E552343BB4000076727 /* Info.plist */ = {isa = PBXFileReference; lastKnownFileType = text.plist.xml; path = Info.plist; sourceTree = "<group>"; };
		B5D03E632343BBFF00076727 /* FriendScene.swift */ = {isa = PBXFileReference; lastKnownFileType = sourcecode.swift; path = FriendScene.swift; sourceTree = "<group>"; };
		B5D03E652343BC5A00076727 /* FriendList.swift */ = {isa = PBXFileReference; fileEncoding = 4; lastKnownFileType = sourcecode.swift; path = FriendList.swift; sourceTree = "<group>"; };
		B5D03E6A2343C16800076727 /* DataModelClasses.swift */ = {isa = PBXFileReference; lastKnownFileType = sourcecode.swift; path = DataModelClasses.swift; sourceTree = "<group>"; };
		B5D03E6C2343C1F200076727 /* DataModelManager.swift */ = {isa = PBXFileReference; lastKnownFileType = sourcecode.swift; path = DataModelManager.swift; sourceTree = "<group>"; };
/* End PBXFileReference section */

/* Begin PBXFrameworksBuildPhase section */
		B5D03E2D2343BB3E00076727 /* Frameworks */ = {
			isa = PBXFrameworksBuildPhase;
			buildActionMask = 2147483647;
			files = (
			);
			runOnlyForDeploymentPostprocessing = 0;
		};
		B5D03E412343BB4000076727 /* Frameworks */ = {
			isa = PBXFrameworksBuildPhase;
			buildActionMask = 2147483647;
			files = (
			);
			runOnlyForDeploymentPostprocessing = 0;
		};
		B5D03E4C2343BB4000076727 /* Frameworks */ = {
			isa = PBXFrameworksBuildPhase;
			buildActionMask = 2147483647;
			files = (
			);
			runOnlyForDeploymentPostprocessing = 0;
		};
/* End PBXFrameworksBuildPhase section */

/* Begin PBXGroup section */
		B5D03E272343BB3E00076727 = {
			isa = PBXGroup;
			children = (
				B5D03E322343BB3E00076727 /* MyFriends */,
				B5D03E472343BB4000076727 /* MyFriendsTests */,
				B5D03E522343BB4000076727 /* MyFriendsUITests */,
				B5D03E312343BB3E00076727 /* Products */,
			);
			sourceTree = "<group>";
		};
		B5D03E312343BB3E00076727 /* Products */ = {
			isa = PBXGroup;
			children = (
				B5D03E302343BB3E00076727 /* MyFriends.app */,
				B5D03E442343BB4000076727 /* MyFriendsTests.xctest */,
				B5D03E4F2343BB4000076727 /* MyFriendsUITests.xctest */,
			);
			name = Products;
			sourceTree = "<group>";
		};
		B5D03E322343BB3E00076727 /* MyFriends */ = {
			isa = PBXGroup;
			children = (
				B5D03E372343BB3E00076727 /* Main.storyboard */,
				B5D03E3C2343BB4000076727 /* LaunchScreen.storyboard */,
				B5D03E3F2343BB4000076727 /* Info.plist */,
				B5D03E3A2343BB4000076727 /* Assets.xcassets */,
				B5CFD0B62347E8E5006C1513 /* data-friends.json */,
				B5D03E332343BB3E00076727 /* AppDelegate.swift */,
				B5D03E6A2343C16800076727 /* DataModelClasses.swift */,
				B5D03E6C2343C1F200076727 /* DataModelManager.swift */,
				B5CFD0BA2347F03F006C1513 /* FriendAdd.swift */,
				B5D03E652343BC5A00076727 /* FriendList.swift */,
				B5D03E632343BBFF00076727 /* FriendScene.swift */,
			);
			path = MyFriends;
			sourceTree = "<group>";
		};
		B5D03E472343BB4000076727 /* MyFriendsTests */ = {
			isa = PBXGroup;
			children = (
				B5D03E482343BB4000076727 /* MyFriendsTests.swift */,
				B5D03E4A2343BB4000076727 /* Info.plist */,
			);
			path = MyFriendsTests;
			sourceTree = "<group>";
		};
		B5D03E522343BB4000076727 /* MyFriendsUITests */ = {
			isa = PBXGroup;
			children = (
				B5D03E532343BB4000076727 /* MyFriendsUITests.swift */,
				B5D03E552343BB4000076727 /* Info.plist */,
			);
			path = MyFriendsUITests;
			sourceTree = "<group>";
		};
/* End PBXGroup section */

/* Begin PBXNativeTarget section */
		B5D03E2F2343BB3E00076727 /* MyFriends */ = {
			isa = PBXNativeTarget;
			buildConfigurationList = B5D03E582343BB4000076727 /* Build configuration list for PBXNativeTarget "MyFriends" */;
			buildPhases = (
				B5D03E2C2343BB3E00076727 /* Sources */,
				B5D03E2D2343BB3E00076727 /* Frameworks */,
				B5D03E2E2343BB3E00076727 /* Resources */,
			);
			buildRules = (
			);
			dependencies = (
			);
			name = MyFriends;
			productName = MyFriends;
			productReference = B5D03E302343BB3E00076727 /* MyFriends.app */;
			productType = "com.apple.product-type.application";
		};
		B5D03E432343BB4000076727 /* MyFriendsTests */ = {
			isa = PBXNativeTarget;
			buildConfigurationList = B5D03E5B2343BB4000076727 /* Build configuration list for PBXNativeTarget "MyFriendsTests" */;
			buildPhases = (
				B5D03E402343BB4000076727 /* Sources */,
				B5D03E412343BB4000076727 /* Frameworks */,
				B5D03E422343BB4000076727 /* Resources */,
			);
			buildRules = (
			);
			dependencies = (
				B5D03E462343BB4000076727 /* PBXTargetDependency */,
			);
			name = MyFriendsTests;
			productName = MyFriendsTests;
			productReference = B5D03E442343BB4000076727 /* MyFriendsTests.xctest */;
			productType = "com.apple.product-type.bundle.unit-test";
		};
		B5D03E4E2343BB4000076727 /* MyFriendsUITests */ = {
			isa = PBXNativeTarget;
			buildConfigurationList = B5D03E5E2343BB4000076727 /* Build configuration list for PBXNativeTarget "MyFriendsUITests" */;
			buildPhases = (
				B5D03E4B2343BB4000076727 /* Sources */,
				B5D03E4C2343BB4000076727 /* Frameworks */,
				B5D03E4D2343BB4000076727 /* Resources */,
			);
			buildRules = (
			);
			dependencies = (
				B5D03E512343BB4000076727 /* PBXTargetDependency */,
			);
			name = MyFriendsUITests;
			productName = MyFriendsUITests;
			productReference = B5D03E4F2343BB4000076727 /* MyFriendsUITests.xctest */;
			productType = "com.apple.product-type.bundle.ui-testing";
		};
/* End PBXNativeTarget section */

/* Begin PBXProject section */
		B5D03E282343BB3E00076727 /* Project object */ = {
			isa = PBXProject;
			attributes = {
				LastSwiftUpdateCheck = 1000;
				LastUpgradeCheck = 1000;
				ORGANIZATIONNAME = sict;
				TargetAttributes = {
					B5D03E2F2343BB3E00076727 = {
						CreatedOnToolsVersion = 10.0;
					};
					B5D03E432343BB4000076727 = {
						CreatedOnToolsVersion = 10.0;
						TestTargetID = B5D03E2F2343BB3E00076727;
					};
					B5D03E4E2343BB4000076727 = {
						CreatedOnToolsVersion = 10.0;
						TestTargetID = B5D03E2F2343BB3E00076727;
					};
				};
			};
			buildConfigurationList = B5D03E2B2343BB3E00076727 /* Build configuration list for PBXProject "MyFriends" */;
			compatibilityVersion = "Xcode 9.3";
			developmentRegion = en;
			hasScannedForEncodings = 0;
			knownRegions = (
				en,
				Base,
			);
			mainGroup = B5D03E272343BB3E00076727;
			productRefGroup = B5D03E312343BB3E00076727 /* Products */;
			projectDirPath = "";
			projectRoot = "";
			targets = (
				B5D03E2F2343BB3E00076727 /* MyFriends */,
				B5D03E432343BB4000076727 /* MyFriendsTests */,
				B5D03E4E2343BB4000076727 /* MyFriendsUITests */,
			);
		};
/* End PBXProject section */

/* Begin PBXResourcesBuildPhase section */
		B5D03E2E2343BB3E00076727 /* Resources */ = {
			isa = PBXResourcesBuildPhase;
			buildActionMask = 2147483647;
			files = (
				B5D03E3E2343BB4000076727 /* LaunchScreen.storyboard in Resources */,
				B5D03E3B2343BB4000076727 /* Assets.xcassets in Resources */,
				B5D03E392343BB3E00076727 /* Main.storyboard in Resources */,
				B5CFD0B72347E8E5006C1513 /* data-friends.json in Resources */,
			);
			runOnlyForDeploymentPostprocessing = 0;
		};
		B5D03E422343BB4000076727 /* Resources */ = {
			isa = PBXResourcesBuildPhase;
			buildActionMask = 2147483647;
			files = (
			);
			runOnlyForDeploymentPostprocessing = 0;
		};
		B5D03E4D2343BB4000076727 /* Resources */ = {
			isa = PBXResourcesBuildPhase;
			buildActionMask = 2147483647;
			files = (
			);
			runOnlyForDeploymentPostprocessing = 0;
		};
/* End PBXResourcesBuildPhase section */

/* Begin PBXSourcesBuildPhase section */
		B5D03E2C2343BB3E00076727 /* Sources */ = {
			isa = PBXSourcesBuildPhase;
			buildActionMask = 2147483647;
			files = (
				B5D03E6D2343C1F200076727 /* DataModelManager.swift in Sources */,
				B5CFD0BB2347F03F006C1513 /* FriendAdd.swift in Sources */,
				B5D03E342343BB3E00076727 /* AppDelegate.swift in Sources */,
				B5D03E642343BBFF00076727 /* FriendScene.swift in Sources */,
				B5D03E6B2343C16800076727 /* DataModelClasses.swift in Sources */,
				B5D03E662343BC5A00076727 /* FriendList.swift in Sources */,
			);
			runOnlyForDeploymentPostprocessing = 0;
		};
		B5D03E402343BB4000076727 /* Sources */ = {
			isa = PBXSourcesBuildPhase;
			buildActionMask = 2147483647;
			files = (
				B5D03E492343BB4000076727 /* MyFriendsTests.swift in Sources */,
			);
			runOnlyForDeploymentPostprocessing = 0;
		};
		B5D03E4B2343BB4000076727 /* Sources */ = {
			isa = PBXSourcesBuildPhase;
			buildActionMask = 2147483647;
			files = (
				B5D03E542343BB4000076727 /* MyFriendsUITests.swift in Sources */,
			);
			runOnlyForDeploymentPostprocessing = 0;
		};
/* End PBXSourcesBuildPhase section */

/* Begin PBXTargetDependency section */
		B5D03E462343BB4000076727 /* PBXTargetDependency */ = {
			isa = PBXTargetDependency;
			target = B5D03E2F2343BB3E00076727 /* MyFriends */;
			targetProxy = B5D03E452343BB4000076727 /* PBXContainerItemProxy */;
		};
		B5D03E512343BB4000076727 /* PBXTargetDependency */ = {
			isa = PBXTargetDependency;
			target = B5D03E2F2343BB3E00076727 /* MyFriends */;
			targetProxy = B5D03E502343BB4000076727 /* PBXContainerItemProxy */;
		};
/* End PBXTargetDependency section */

/* Begin PBXVariantGroup section */
		B5D03E372343BB3E00076727 /* Main.storyboard */ = {
			isa = PBXVariantGroup;
			children = (
				B5D03E382343BB3E00076727 /* Base */,
			);
			name = Main.storyboard;
			sourceTree = "<group>";
		};
		B5D03E3C2343BB4000076727 /* LaunchScreen.storyboard */ = {
			isa = PBXVariantGroup;
			children = (
				B5D03E3D2343BB4000076727 /* Base */,
			);
			name = LaunchScreen.storyboard;
			sourceTree = "<group>";
		};
/* End PBXVariantGroup section */

/* Begin XCBuildConfiguration section */
		B5D03E562343BB4000076727 /* Debug */ = {
			isa = XCBuildConfiguration;
			buildSettings = {
				ALWAYS_SEARCH_USER_PATHS = NO;
				CLANG_ANALYZER_NONNULL = YES;
				CLANG_ANALYZER_NUMBER_OBJECT_CONVERSION = YES_AGGRESSIVE;
				CLANG_CXX_LANGUAGE_STANDARD = "gnu++14";
				CLANG_CXX_LIBRARY = "libc++";
				CLANG_ENABLE_MODULES = YES;
				CLANG_ENABLE_OBJC_ARC = YES;
				CLANG_ENABLE_OBJC_WEAK = YES;
				CLANG_WARN_BLOCK_CAPTURE_AUTORELEASING = YES;
				CLANG_WARN_BOOL_CONVERSION = YES;
				CLANG_WARN_COMMA = YES;
				CLANG_WARN_CONSTANT_CONVERSION = YES;
				CLANG_WARN_DEPRECATED_OBJC_IMPLEMENTATIONS = YES;
				CLANG_WARN_DIRECT_OBJC_ISA_USAGE = YES_ERROR;
				CLANG_WARN_DOCUMENTATION_COMMENTS = YES;
				CLANG_WARN_EMPTY_BODY = YES;
				CLANG_WARN_ENUM_CONVERSION = YES;
				CLANG_WARN_INFINITE_RECURSION = YES;
				CLANG_WARN_INT_CONVERSION = YES;
				CLANG_WARN_NON_LITERAL_NULL_CONVERSION = YES;
				CLANG_WARN_OBJC_IMPLICIT_RETAIN_SELF = YES;
				CLANG_WARN_OBJC_LITERAL_CONVERSION = YES;
				CLANG_WARN_OBJC_ROOT_CLASS = YES_ERROR;
				CLANG_WARN_RANGE_LOOP_ANALYSIS = YES;
				CLANG_WARN_STRICT_PROTOTYPES = YES;
				CLANG_WARN_SUSPICIOUS_MOVE = YES;
				CLANG_WARN_UNGUARDED_AVAILABILITY = YES_AGGRESSIVE;
				CLANG_WARN_UNREACHABLE_CODE = YES;
				CLANG_WARN__DUPLICATE_METHOD_MATCH = YES;
				CODE_SIGN_IDENTITY = "iPhone Developer";
				COPY_PHASE_STRIP = NO;
				DEBUG_INFORMATION_FORMAT = dwarf;
				ENABLE_STRICT_OBJC_MSGSEND = YES;
				ENABLE_TESTABILITY = YES;
				GCC_C_LANGUAGE_STANDARD = gnu11;
				GCC_DYNAMIC_NO_PIC = NO;
				GCC_NO_COMMON_BLOCKS = YES;
				GCC_OPTIMIZATION_LEVEL = 0;
				GCC_PREPROCESSOR_DEFINITIONS = (
					"DEBUG=1",
					"$(inherited)",
				);
				GCC_WARN_64_TO_32_BIT_CONVERSION = YES;
				GCC_WARN_ABOUT_RETURN_TYPE = YES_ERROR;
				GCC_WARN_UNDECLARED_SELECTOR = YES;
				GCC_WARN_UNINITIALIZED_AUTOS = YES_AGGRESSIVE;
				GCC_WARN_UNUSED_FUNCTION = YES;
				GCC_WARN_UNUSED_VARIABLE = YES;
				IPHONEOS_DEPLOYMENT_TARGET = 12.0;
				MTL_ENABLE_DEBUG_INFO = INCLUDE_SOURCE;
				MTL_FAST_MATH = YES;
				ONLY_ACTIVE_ARCH = YES;
				SDKROOT = iphoneos;
				SWIFT_ACTIVE_COMPILATION_CONDITIONS = DEBUG;
				SWIFT_OPTIMIZATION_LEVEL = "-Onone";
			};
			name = Debug;
		};
		B5D03E572343BB4000076727 /* Release */ = {
			isa = XCBuildConfiguration;
			buildSettings = {
				ALWAYS_SEARCH_USER_PATHS = NO;
				CLANG_ANALYZER_NONNULL = YES;
				CLANG_ANALYZER_NUMBER_OBJECT_CONVERSION = YES_AGGRESSIVE;
				CLANG_CXX_LANGUAGE_STANDARD = "gnu++14";
				CLANG_CXX_LIBRARY = "libc++";
				CLANG_ENABLE_MODULES = YES;
				CLANG_ENABLE_OBJC_ARC = YES;
				CLANG_ENABLE_OBJC_WEAK = YES;
				CLANG_WARN_BLOCK_CAPTURE_AUTORELEASING = YES;
				CLANG_WARN_BOOL_CONVERSION = YES;
				CLANG_WARN_COMMA = YES;
				CLANG_WARN_CONSTANT_CONVERSION = YES;
				CLANG_WARN_DEPRECATED_OBJC_IMPLEMENTATIONS = YES;
				CLANG_WARN_DIRECT_OBJC_ISA_USAGE = YES_ERROR;
				CLANG_WARN_DOCUMENTATION_COMMENTS = YES;
				CLANG_WARN_EMPTY_BODY = YES;
				CLANG_WARN_ENUM_CONVERSION = YES;
				CLANG_WARN_INFINITE_RECURSION = YES;
				CLANG_WARN_INT_CONVERSION = YES;
				CLANG_WARN_NON_LITERAL_NULL_CONVERSION = YES;
				CLANG_WARN_OBJC_IMPLICIT_RETAIN_SELF = YES;
				CLANG_WARN_OBJC_LITERAL_CONVERSION = YES;
				CLANG_WARN_OBJC_ROOT_CLASS = YES_ERROR;
				CLANG_WARN_RANGE_LOOP_ANALYSIS = YES;
				CLANG_WARN_STRICT_PROTOTYPES = YES;
				CLANG_WARN_SUSPICIOUS_MOVE = YES;
				CLANG_WARN_UNGUARDED_AVAILABILITY = YES_AGGRESSIVE;
				CLANG_WARN_UNREACHABLE_CODE = YES;
				CLANG_WARN__DUPLICATE_METHOD_MATCH = YES;
				CODE_SIGN_IDENTITY = "iPhone Developer";
				COPY_PHASE_STRIP = NO;
				DEBUG_INFORMATION_FORMAT = "dwarf-with-dsym";
				ENABLE_NS_ASSERTIONS = NO;
				ENABLE_STRICT_OBJC_MSGSEND = YES;
				GCC_C_LANGUAGE_STANDARD = gnu11;
				GCC_NO_COMMON_BLOCKS = YES;
				GCC_WARN_64_TO_32_BIT_CONVERSION = YES;
				GCC_WARN_ABOUT_RETURN_TYPE = YES_ERROR;
				GCC_WARN_UNDECLARED_SELECTOR = YES;
				GCC_WARN_UNINITIALIZED_AUTOS = YES_AGGRESSIVE;
				GCC_WARN_UNUSED_FUNCTION = YES;
				GCC_WARN_UNUSED_VARIABLE = YES;
				IPHONEOS_DEPLOYMENT_TARGET = 12.0;
				MTL_ENABLE_DEBUG_INFO = NO;
				MTL_FAST_MATH = YES;
				SDKROOT = iphoneos;
				SWIFT_COMPILATION_MODE = wholemodule;
				SWIFT_OPTIMIZATION_LEVEL = "-O";
				VALIDATE_PRODUCT = YES;
			};
			name = Release;
		};
		B5D03E592343BB4000076727 /* Debug */ = {
			isa = XCBuildConfiguration;
			buildSettings = {
				ASSETCATALOG_COMPILER_APPICON_NAME = AppIcon;
				CODE_SIGN_STYLE = Manual;
				DEVELOPMENT_TEAM = "";
				INFOPLIST_FILE = MyFriends/Info.plist;
				LD_RUNPATH_SEARCH_PATHS = (
					"$(inherited)",
					"@executable_path/Frameworks",
				);
				PRODUCT_BUNDLE_IDENTIFIER = ericrabiner.MyFriends;
				PRODUCT_NAME = "$(TARGET_NAME)";
				PROVISIONING_PROFILE_SPECIFIER = "";
				SWIFT_VERSION = 5.0;
				TARGETED_DEVICE_FAMILY = "1,2";
			};
			name = Debug;
		};
		B5D03E5A2343BB4000076727 /* Release */ = {
			isa = XCBuildConfiguration;
			buildSettings = {
				ASSETCATALOG_COMPILER_APPICON_NAME = AppIcon;
				CODE_SIGN_STYLE = Manual;
				DEVELOPMENT_TEAM = "";
				INFOPLIST_FILE = MyFriends/Info.plist;
				LD_RUNPATH_SEARCH_PATHS = (
					"$(inherited)",
					"@executable_path/Frameworks",
				);
				PRODUCT_BUNDLE_IDENTIFIER = ericrabiner.MyFriends;
				PRODUCT_NAME = "$(TARGET_NAME)";
				PROVISIONING_PROFILE_SPECIFIER = "";
				SWIFT_VERSION = 5.0;
				TARGETED_DEVICE_FAMILY = "1,2";
			};
			name = Release;
		};
		B5D03E5C2343BB4000076727 /* Debug */ = {
			isa = XCBuildConfiguration;
			buildSettings = {
				ALWAYS_EMBED_SWIFT_STANDARD_LIBRARIES = YES;
				BUNDLE_LOADER = "$(TEST_HOST)";
				CODE_SIGN_STYLE = Automatic;
				INFOPLIST_FILE = MyFriendsTests/Info.plist;
				LD_RUNPATH_SEARCH_PATHS = (
					"$(inherited)",
					"@executable_path/Frameworks",
					"@loader_path/Frameworks",
				);
				PRODUCT_BUNDLE_IDENTIFIER = ericrabiner.MyFriendsTests;
				PRODUCT_NAME = "$(TARGET_NAME)";
				SWIFT_VERSION = 4.2;
				TARGETED_DEVICE_FAMILY = "1,2";
				TEST_HOST = "$(BUILT_PRODUCTS_DIR)/MyFriends.app/MyFriends";
			};
			name = Debug;
		};
		B5D03E5D2343BB4000076727 /* Release */ = {
			isa = XCBuildConfiguration;
			buildSettings = {
				ALWAYS_EMBED_SWIFT_STANDARD_LIBRARIES = YES;
				BUNDLE_LOADER = "$(TEST_HOST)";
				CODE_SIGN_STYLE = Automatic;
				INFOPLIST_FILE = MyFriendsTests/Info.plist;
				LD_RUNPATH_SEARCH_PATHS = (
					"$(inherited)",
					"@executable_path/Frameworks",
					"@loader_path/Frameworks",
				);
				PRODUCT_BUNDLE_IDENTIFIER = ericrabiner.MyFriendsTests;
				PRODUCT_NAME = "$(TARGET_NAME)";
				SWIFT_VERSION = 4.2;
				TARGETED_DEVICE_FAMILY = "1,2";
				TEST_HOST = "$(BUILT_PRODUCTS_DIR)/MyFriends.app/MyFriends";
			};
			name = Release;
		};
		B5D03E5F2343BB4000076727 /* Debug */ = {
			isa = XCBuildConfiguration;
			buildSettings = {
				ALWAYS_EMBED_SWIFT_STANDARD_LIBRARIES = YES;
				CODE_SIGN_STYLE = Automatic;
				INFOPLIST_FILE = MyFriendsUITests/Info.plist;
				LD_RUNPATH_SEARCH_PATHS = (
					"$(inherited)",
					"@executable_path/Frameworks",
					"@loader_path/Frameworks",
				);
				PRODUCT_BUNDLE_IDENTIFIER = ericrabiner.MyFriendsUITests;
				PRODUCT_NAME = "$(TARGET_NAME)";
				SWIFT_VERSION = 4.2;
				TARGETED_DEVICE_FAMILY = "1,2";
				TEST_TARGET_NAME = MyFriends;
			};
			name = Debug;
		};
		B5D03E602343BB4000076727 /* Release */ = {
			isa = XCBuildConfiguration;
			buildSettings = {
				ALWAYS_EMBED_SWIFT_STANDARD_LIBRARIES = YES;
				CODE_SIGN_STYLE = Automatic;
				INFOPLIST_FILE = MyFriendsUITests/Info.plist;
				LD_RUNPATH_SEARCH_PATHS = (
					"$(inherited)",
					"@executable_path/Frameworks",
					"@loader_path/Frameworks",
				);
				PRODUCT_BUNDLE_IDENTIFIER = ericrabiner.MyFriendsUITests;
				PRODUCT_NAME = "$(TARGET_NAME)";
				SWIFT_VERSION = 4.2;
				TARGETED_DEVICE_FAMILY = "1,2";
				TEST_TARGET_NAME = MyFriends;
			};
			name = Release;
		};
/* End XCBuildConfiguration section */

/* Begin XCConfigurationList section */
		B5D03E2B2343BB3E00076727 /* Build configuration list for PBXProject "MyFriends" */ = {
			isa = XCConfigurationList;
			buildConfigurations = (
				B5D03E562343BB4000076727 /* Debug */,
				B5D03E572343BB4000076727 /* Release */,
			);
			defaultConfigurationIsVisible = 0;
			defaultConfigurationName = Release;
		};
		B5D03E582343BB4000076727 /* Build configuration list for PBXNativeTarget "MyFriends" */ = {
			isa = XCConfigurationList;
			buildConfigurations = (
				B5D03E592343BB4000076727 /* Debug */,
				B5D03E5A2343BB4000076727 /* Release */,
			);
			defaultConfigurationIsVisible = 0;
			defaultConfigurationName = Release;
		};
		B5D03E5B2343BB4000076727 /* Build configuration list for PBXNativeTarget "MyFriendsTests" */ = {
			isa = XCConfigurationList;
			buildConfigurations = (
				B5D03E5C2343BB4000076727 /* Debug */,
				B5D03E5D2343BB4000076727 /* Release */,
			);
			defaultConfigurationIsVisible = 0;
			defaultConfigurationName = Release;
		};
		B5D03E5E2343BB4000076727 /* Build configuration list for PBXNativeTarget "MyFriendsUITests" */ = {
			isa = XCConfigurationList;
			buildConfigurations = (
				B5D03E5F2343BB4000076727 /* Debug */,
				B5D03E602343BB4000076727 /* Release */,
			);
			defaultConfigurationIsVisible = 0;
			defaultConfigurationName = Release;
		};
/* End XCConfigurationList section */
	};
	rootObject = B5D03E282343BB3E00076727 /* Project object */;
}
